// !$*UTF8*$!
{
	archiveVersion = 1;
	classes = {
	};
	objectVersion = 77;
	objects = {

/* Begin PBXBuildFile section */
		003B01771852E45B139362DC /* Sounds.swift in Sources */ = {isa = PBXBuildFile; fileRef = 8B8113B8FDE69467C4FD8793 /* Sounds.swift */; };
		08469DDE1BE3E3DB6F17E363 /* TaskRow.swift in Sources */ = {isa = PBXBuildFile; fileRef = B71C3DF70DA7A463F140E56D /* TaskRow.swift */; };
		21E7B161D87F29F1D1FAC04B /* TodayApp.swift in Sources */ = {isa = PBXBuildFile; fileRef = 8D2A09F1B3F91E5F72868B9A /* TodayApp.swift */; };
		2BBFB13348EC14801C531B5C /* complete.wav in Resources */ = {isa = PBXBuildFile; fileRef = D40B0784425C75995CBCCEE5 /* complete.wav */; };
		4FACC4DDBE2020EC727FEB29 /* AppDelegate.swift in Sources */ = {isa = PBXBuildFile; fileRef = C52FAC5EDCB5D0CEBB8C4B77 /* AppDelegate.swift */; };
		519A3CE33E9AEBE0A472FF83 /* Store.swift in Sources */ = {isa = PBXBuildFile; fileRef = 4B6E34F59D3C51FE89E6D23D /* Store.swift */; };
		54F9C693D99E6FB9B624389A /* HotKey.swift in Sources */ = {isa = PBXBuildFile; fileRef = 6C19D9508CAC013139B14CC0 /* HotKey.swift */; };
		637350C5BCF212EDCB8D6882 /* Task.swift in Sources */ = {isa = PBXBuildFile; fileRef = A70A36D90140E63F5E67FBFD /* Task.swift */; };
		677F3A0B1BA68BF9002F03C4 /* CapturePanel.swift in Sources */ = {isa = PBXBuildFile; fileRef = 844D962CA007D6E1E3087A0C /* CapturePanel.swift */; };
		713218CEC31BBCDB280E3A9F /* Space.swift in Sources */ = {isa = PBXBuildFile; fileRef = AE5480960D5A886A90FE680E /* Space.swift */; };
		DC9C2CA054C00230A5A3EE84 /* PanelView.swift in Sources */ = {isa = PBXBuildFile; fileRef = E1346696C4200EB663E6E242 /* PanelView.swift */; };
/* End PBXBuildFile section */

/* Begin PBXFileReference section */
		217548D6AE24375F0D34FF37 /* Info.plist */ = {isa = PBXFileReference; lastKnownFileType = text.plist; path = Info.plist; sourceTree = "<group>"; };
		4B6E34F59D3C51FE89E6D23D /* Store.swift */ = {isa = PBXFileReference; lastKnownFileType = sourcecode.swift; path = Store.swift; sourceTree = "<group>"; };
		6C19D9508CAC013139B14CC0 /* HotKey.swift */ = {isa = PBXFileReference; lastKnownFileType = sourcecode.swift; path = HotKey.swift; sourceTree = "<group>"; };
		7D1638C479E61E05A92FC79A /* Today.app */ = {isa = PBXFileReference; explicitFileType = wrapper.application; includeInIndex = 0; path = Today.app; sourceTree = BUILT_PRODUCTS_DIR; };
		844D962CA007D6E1E3087A0C /* CapturePanel.swift */ = {isa = PBXFileReference; lastKnownFileType = sourcecode.swift; path = CapturePanel.swift; sourceTree = "<group>"; };
		8B8113B8FDE69467C4FD8793 /* Sounds.swift */ = {isa = PBXFileReference; lastKnownFileType = sourcecode.swift; path = Sounds.swift; sourceTree = "<group>"; };
		8D2A09F1B3F91E5F72868B9A /* TodayApp.swift */ = {isa = PBXFileReference; lastKnownFileType = sourcecode.swift; path = TodayApp.swift; sourceTree = "<group>"; };
		A70A36D90140E63F5E67FBFD /* Task.swift */ = {isa = PBXFileReference; lastKnownFileType = sourcecode.swift; path = Task.swift; sourceTree = "<group>"; };
		AE5480960D5A886A90FE680E /* Space.swift */ = {isa = PBXFileReference; lastKnownFileType = sourcecode.swift; path = Space.swift; sourceTree = "<group>"; };
		B71C3DF70DA7A463F140E56D /* TaskRow.swift */ = {isa = PBXFileReference; lastKnownFileType = sourcecode.swift; path = TaskRow.swift; sourceTree = "<group>"; };
		C52FAC5EDCB5D0CEBB8C4B77 /* AppDelegate.swift */ = {isa = PBXFileReference; lastKnownFileType = sourcecode.swift; path = AppDelegate.swift; sourceTree = "<group>"; };
		C9E1263ABBB6D6A9DC61DE3D /* Today.entitlements */ = {isa = PBXFileReference; lastKnownFileType = text.plist.entitlements; path = Today.entitlements; sourceTree = "<group>"; };
		D40B0784425C75995CBCCEE5 /* complete.wav */ = {isa = PBXFileReference; lastKnownFileType = audio.wav; path = complete.wav; sourceTree = "<group>"; };
		E1346696C4200EB663E6E242 /* PanelView.swift */ = {isa = PBXFileReference; lastKnownFileType = sourcecode.swift; path = PanelView.swift; sourceTree = "<group>"; };
/* End PBXFileReference section */

/* Begin PBXGroup section */
		0985B227560336B857EEC6D0 /* Support */ = {
			isa = PBXGroup;
			children = (
				8B8113B8FDE69467C4FD8793 /* Sounds.swift */,
			);
			path = Support;
			sourceTree = "<group>";
		};
		21FE4415FA2DBDB49F05D998 /* App */ = {
			isa = PBXGroup;
			children = (
				C52FAC5EDCB5D0CEBB8C4B77 /* AppDelegate.swift */,
				6C19D9508CAC013139B14CC0 /* HotKey.swift */,
				8D2A09F1B3F91E5F72868B9A /* TodayApp.swift */,
			);
			path = App;
			sourceTree = "<group>";
		};
		305E7A6AC24411D02DF1FB75 /* Products */ = {
			isa = PBXGroup;
			children = (
				7D1638C479E61E05A92FC79A /* Today.app */,
			);
			name = Products;
			sourceTree = "<group>";
		};
		5641621690632C0179A56A5C = {
			isa = PBXGroup;
			children = (
				95375A5298E3656116C76C5C /* Today */,
				305E7A6AC24411D02DF1FB75 /* Products */,
			);
			sourceTree = "<group>";
		};
		824CB7BAF55ECDE4379DE003 /* Resources */ = {
			isa = PBXGroup;
			children = (
				D40B0784425C75995CBCCEE5 /* complete.wav */,
			);
			path = Resources;
			sourceTree = "<group>";
		};
		95375A5298E3656116C76C5C /* Today */ = {
			isa = PBXGroup;
			children = (
				217548D6AE24375F0D34FF37 /* Info.plist */,
				C9E1263ABBB6D6A9DC61DE3D /* Today.entitlements */,
				21FE4415FA2DBDB49F05D998 /* App */,
				F44A20518E1995E1587611C6 /* Models */,
				D7DF4D1948226F0A3735AB5B /* Panel */,
				824CB7BAF55ECDE4379DE003 /* Resources */,
				0985B227560336B857EEC6D0 /* Support */,
			);
			path = Today;
			sourceTree = "<group>";
		};
		D7DF4D1948226F0A3735AB5B /* Panel */ = {
			isa = PBXGroup;
			children = (
				844D962CA007D6E1E3087A0C /* CapturePanel.swift */,
				E1346696C4200EB663E6E242 /* PanelView.swift */,
				B71C3DF70DA7A463F140E56D /* TaskRow.swift */,
			);
			path = Panel;
			sourceTree = "<group>";
		};
		F44A20518E1995E1587611C6 /* Models */ = {
			isa = PBXGroup;
			children = (
				AE5480960D5A886A90FE680E /* Space.swift */,
				4B6E34F59D3C51FE89E6D23D /* Store.swift */,
				A70A36D90140E63F5E67FBFD /* Task.swift */,
			);
			path = Models;
			sourceTree = "<group>";
		};
/* End PBXGroup section */

/* Begin PBXNativeTarget section */
		0B74C076C46D23860B1EDE9D /* Today */ = {
			isa = PBXNativeTarget;
			buildConfigurationList = 7928DA3F06781C7204FDECCF /* Build configuration list for PBXNativeTarget "Today" */;
			buildPhases = (
				23555977A77294E72BA33CDD /* Sources */,
				B047C049A008080553EDE2D7 /* Resources */,
			);
			buildRules = (
			);
			dependencies = (
			);
			name = Today;
			packageProductDependencies = (
			);
			productName = Today;
			productReference = 7D1638C479E61E05A92FC79A /* Today.app */;
			productType = "com.apple.product-type.application";
		};
/* End PBXNativeTarget section */

/* Begin PBXProject section */
		751DA67E27CDBF22068F6EBB /* Project object */ = {
			isa = PBXProject;
			attributes = {
				BuildIndependentTargetsInParallel = YES;
				LastUpgradeCheck = 1430;
				TargetAttributes = {
					0B74C076C46D23860B1EDE9D = {
						ProvisioningStyle = Automatic;
					};
				};
			};
			buildConfigurationList = 4B2123FC61677E8D7AE5FCD8 /* Build configuration list for PBXProject "Today" */;
			developmentRegion = en;
			hasScannedForEncodings = 0;
			knownRegions = (
				Base,
				en,
			);
			mainGroup = 5641621690632C0179A56A5C;
			minimizedProjectReferenceProxies = 1;
			preferredProjectObjectVersion = 77;
			productRefGroup = 305E7A6AC24411D02DF1FB75 /* Products */;
			projectDirPath = "";
			projectRoot = "";
			targets = (
				0B74C076C46D23860B1EDE9D /* Today */,
			);
		};
/* End PBXProject section */

/* Begin PBXResourcesBuildPhase section */
		B047C049A008080553EDE2D7 /* Resources */ = {
			isa = PBXResourcesBuildPhase;
			buildActionMask = 2147483647;
			files = (
				2BBFB13348EC14801C531B5C /* complete.wav in Resources */,
			);
			runOnlyForDeploymentPostprocessing = 0;
		};
/* End PBXResourcesBuildPhase section */

/* Begin PBXSourcesBuildPhase section */
		23555977A77294E72BA33CDD /* Sources */ = {
			isa = PBXSourcesBuildPhase;
			buildActionMask = 2147483647;
			files = (
				4FACC4DDBE2020EC727FEB29 /* AppDelegate.swift in Sources */,
				677F3A0B1BA68BF9002F03C4 /* CapturePanel.swift in Sources */,
				54F9C693D99E6FB9B624389A /* HotKey.swift in Sources */,
				DC9C2CA054C00230A5A3EE84 /* PanelView.swift in Sources */,
				003B01771852E45B139362DC /* Sounds.swift in Sources */,
				713218CEC31BBCDB280E3A9F /* Space.swift in Sources */,
				519A3CE33E9AEBE0A472FF83 /* Store.swift in Sources */,
				637350C5BCF212EDCB8D6882 /* Task.swift in Sources */,
				08469DDE1BE3E3DB6F17E363 /* TaskRow.swift in Sources */,
				21E7B161D87F29F1D1FAC04B /* TodayApp.swift in Sources */,
			);
			runOnlyForDeploymentPostprocessing = 0;
		};
/* End PBXSourcesBuildPhase section */

/* Begin XCBuildConfiguration section */
		8F2327BDF9649787B7CFEACB /* Debug */ = {
			isa = XCBuildConfiguration;
			buildSettings = {
				ALWAYS_SEARCH_USER_PATHS = NO;
				CLANG_ANALYZER_NONNULL = YES;
				CLANG_ANALYZER_NUMBER_OBJECT_CONVERSION = YES_AGGRESSIVE;
				CLANG_CXX_LANGUAGE_STANDARD = "gnu++14";
				CLANG_CXX_LIBRARY = "libc++";
				CLANG_ENABLE_MODULES = YES;
				CLANG_ENABLE_OBJC_ARC = YES;
				CLANG_ENABLE_OBJC_WEAK = YES;
				CLANG_WARN_BLOCK_CAPTURE_AUTORELEASING = YES;
				CLANG_WARN_BOOL_CONVERSION = YES;
				CLANG_WARN_COMMA = YES;
				CLANG_WARN_CONSTANT_CONVERSION = YES;
				CLANG_WARN_DEPRECATED_OBJC_IMPLEMENTATIONS = YES;
				CLANG_WARN_DIRECT_OBJC_ISA_USAGE = YES_ERROR;
				CLANG_WARN_DOCUMENTATION_COMMENTS = YES;
				CLANG_WARN_EMPTY_BODY = YES;
				CLANG_WARN_ENUM_CONVERSION = YES;
				CLANG_WARN_INFINITE_RECURSION = YES;
				CLANG_WARN_INT_CONVERSION = YES;
				CLANG_WARN_NON_LITERAL_NULL_CONVERSION = YES;
				CLANG_WARN_OBJC_IMPLICIT_RETAIN_SELF = YES;
				CLANG_WARN_OBJC_LITERAL_CONVERSION = YES;
				CLANG_WARN_OBJC_ROOT_CLASS = YES_ERROR;
				CLANG_WARN_QUOTED_INCLUDE_IN_FRAMEWORK_HEADER = YES;
				CLANG_WARN_RANGE_LOOP_ANALYSIS = YES;
				CLANG_WARN_STRICT_PROTOTYPES = YES;
				CLANG_WARN_SUSPICIOUS_MOVE = YES;
				CLANG_WARN_UNGUARDED_AVAILABILITY = YES_AGGRESSIVE;
				CLANG_WARN_UNREACHABLE_CODE = YES;
				CLANG_WARN__DUPLICATE_METHOD_MATCH = YES;
				COPY_PHASE_STRIP = NO;
				DEBUG_INFORMATION_FORMAT = dwarf;
				ENABLE_STRICT_OBJC_MSGSEND = YES;
				ENABLE_TESTABILITY = YES;
				GCC_C_LANGUAGE_STANDARD = gnu11;
				GCC_DYNAMIC_NO_PIC = NO;
				GCC_NO_COMMON_BLOCKS = YES;
				GCC_OPTIMIZATION_LEVEL = 0;
				GCC_PREPROCESSOR_DEFINITIONS = (
					"$(inherited)",
					"DEBUG=1",
				);
				GCC_WARN_64_TO_32_BIT_CONVERSION = YES;
				GCC_WARN_ABOUT_RETURN_TYPE = YES_ERROR;
				GCC_WARN_UNDECLARED_SELECTOR = YES;
				GCC_WARN_UNINITIALIZED_AUTOS = YES_AGGRESSIVE;
				GCC_WARN_UNUSED_FUNCTION = YES;
				GCC_WARN_UNUSED_VARIABLE = YES;
				MACOSX_DEPLOYMENT_TARGET = 15.0;
				MTL_ENABLE_DEBUG_INFO = INCLUDE_SOURCE;
				MTL_FAST_MATH = YES;
				ONLY_ACTIVE_ARCH = YES;
				PRODUCT_NAME = "$(TARGET_NAME)";
				SDKROOT = macosx;
				SWIFT_ACTIVE_COMPILATION_CONDITIONS = DEBUG;
				SWIFT_OPTIMIZATION_LEVEL = "-Onone";
				SWIFT_VERSION = 5.0;
			};
			name = Debug;
		};
		9C0685461455368A35C15A48 /* Release */ = {
			isa = XCBuildConfiguration;
			buildSettings = {
				ASSETCATALOG_COMPILER_APPICON_NAME = AppIcon;
				CODE_SIGN_ENTITLEMENTS = Today/Today.entitlements;
				CODE_SIGN_STYLE = Automatic;
				COMBINE_HIDPI_IMAGES = YES;
				CURRENT_PROJECT_VERSION = 1;
				ENABLE_HARDENED_RUNTIME = YES;
				INFOPLIST_FILE = Today/Info.plist;
				LD_RUNPATH_SEARCH_PATHS = (
					"$(inherited)",
					"@executable_path/../Frameworks",
				);
				MARKETING_VERSION = 0.1.0;
				PRODUCT_BUNDLE_IDENTIFIER = com.brandongomes.today;
				SDKROOT = macosx;
				SWIFT_VERSION = 6.0;
			};
			name = Release;
		};
		B369B084F71D109E9065C575 /* Release */ = {
			isa = XCBuildConfiguration;
			buildSettings = {
				ALWAYS_SEARCH_USER_PATHS = NO;
				CLANG_ANALYZER_NONNULL = YES;
				CLANG_ANALYZER_NUMBER_OBJECT_CONVERSION = YES_AGGRESSIVE;
				CLANG_CXX_LANGUAGE_STANDARD = "gnu++14";
				CLANG_CXX_LIBRARY = "libc++";
				CLANG_ENABLE_MODULES = YES;
				CLANG_ENABLE_OBJC_ARC = YES;
				CLANG_ENABLE_OBJC_WEAK = YES;
				CLANG_WARN_BLOCK_CAPTURE_AUTORELEASING = YES;
				CLANG_WARN_BOOL_CONVERSION = YES;
				CLANG_WARN_COMMA = YES;
				CLANG_WARN_CONSTANT_CONVERSION = YES;
				CLANG_WARN_DEPRECATED_OBJC_IMPLEMENTATIONS = YES;
				CLANG_WARN_DIRECT_OBJC_ISA_USAGE = YES_ERROR;
				CLANG_WARN_DOCUMENTATION_COMMENTS = YES;
				CLANG_WARN_EMPTY_BODY = YES;
				CLANG_WARN_ENUM_CONVERSION = YES;
				CLANG_WARN_INFINITE_RECURSION = YES;
				CLANG_WARN_INT_CONVERSION = YES;
				CLANG_WARN_NON_LITERAL_NULL_CONVERSION = YES;
				CLANG_WARN_OBJC_IMPLICIT_RETAIN_SELF = YES;
				CLANG_WARN_OBJC_LITERAL_CONVERSION = YES;
				CLANG_WARN_OBJC_ROOT_CLASS = YES_ERROR;
				CLANG_WARN_QUOTED_INCLUDE_IN_FRAMEWORK_HEADER = YES;
				CLANG_WARN_RANGE_LOOP_ANALYSIS = YES;
				CLANG_WARN_STRICT_PROTOTYPES = YES;
				CLANG_WARN_SUSPICIOUS_MOVE = YES;
				CLANG_WARN_UNGUARDED_AVAILABILITY = YES_AGGRESSIVE;
				CLANG_WARN_UNREACHABLE_CODE = YES;
				CLANG_WARN__DUPLICATE_METHOD_MATCH = YES;
				COPY_PHASE_STRIP = NO;
				DEBUG_INFORMATION_FORMAT = "dwarf-with-dsym";
				ENABLE_NS_ASSERTIONS = NO;
				ENABLE_STRICT_OBJC_MSGSEND = YES;
				GCC_C_LANGUAGE_STANDARD = gnu11;
				GCC_NO_COMMON_BLOCKS = YES;
				GCC_WARN_64_TO_32_BIT_CONVERSION = YES;
				GCC_WARN_ABOUT_RETURN_TYPE = YES_ERROR;
				GCC_WARN_UNDECLARED_SELECTOR = YES;
				GCC_WARN_UNINITIALIZED_AUTOS = YES_AGGRESSIVE;
				GCC_WARN_UNUSED_FUNCTION = YES;
				GCC_WARN_UNUSED_VARIABLE = YES;
				MACOSX_DEPLOYMENT_TARGET = 15.0;
				MTL_ENABLE_DEBUG_INFO = NO;
				MTL_FAST_MATH = YES;
				PRODUCT_NAME = "$(TARGET_NAME)";
				SDKROOT = macosx;
				SWIFT_COMPILATION_MODE = wholemodule;
				SWIFT_OPTIMIZATION_LEVEL = "-O";
				SWIFT_VERSION = 5.0;
			};
			name = Release;
		};
		DD0B4FDF21ADBBE0F078D55A /* Debug */ = {
			isa = XCBuildConfiguration;
			buildSettings = {
				ASSETCATALOG_COMPILER_APPICON_NAME = AppIcon;
				CODE_SIGN_ENTITLEMENTS = Today/Today.entitlements;
				CODE_SIGN_STYLE = Automatic;
				COMBINE_HIDPI_IMAGES = YES;
				CURRENT_PROJECT_VERSION = 1;
				ENABLE_HARDENED_RUNTIME = YES;
				INFOPLIST_FILE = Today/Info.plist;
				LD_RUNPATH_SEARCH_PATHS = (
					"$(inherited)",
					"@executable_path/../Frameworks",
				);
				MARKETING_VERSION = 0.1.0;
				PRODUCT_BUNDLE_IDENTIFIER = com.brandongomes.today;
				SDKROOT = macosx;
				SWIFT_VERSION = 6.0;
			};
			name = Debug;
		};
/* End XCBuildConfiguration section */

/* Begin XCConfigurationList section */
		4B2123FC61677E8D7AE5FCD8 /* Build configuration list for PBXProject "Today" */ = {
			isa = XCConfigurationList;
			buildConfigurations = (
				8F2327BDF9649787B7CFEACB /* Debug */,
				B369B084F71D109E9065C575 /* Release */,
			);
			defaultConfigurationIsVisible = 0;
			defaultConfigurationName = Debug;
		};
		7928DA3F06781C7204FDECCF /* Build configuration list for PBXNativeTarget "Today" */ = {
			isa = XCConfigurationList;
			buildConfigurations = (
				DD0B4FDF21ADBBE0F078D55A /* Debug */,
				9C0685461455368A35C15A48 /* Release */,
			);
			defaultConfigurationIsVisible = 0;
			defaultConfigurationName = Debug;
		};
/* End XCConfigurationList section */
	};
	rootObject = 751DA67E27CDBF22068F6EBB /* Project object */;
}
